
Microsoft Visual Studio Solution File, Format Version 12.00
# Visual Studio Version 17
VisualStudioVersion = 17.13.35931.197 d17.13
MinimumVisualStudioVersion = 10.0.40219.1
Project("{FAE04EC0-301F-11D3-BF4B-00C04F79EFBC}") = "VinheriaQualityMonitoring", "VinheriaQualityMonitoring\VinheriaQualityMonitoring.csproj", "{35E36861-D3F3-43B1-B4FC-09A89F399213}"
EndProject
Global
	GlobalSection(SolutionConfigurationPlatforms) = preSolution
		Debug|Any CPU = Debug|Any CPU
		Release|Any CPU = Release|Any CPU
	EndGlobalSection
	GlobalSection(ProjectConfigurationPlatforms) = postSolution
		{35E36861-D3F3-43B1-B4FC-09A89F399213}.Debug|Any CPU.ActiveCfg = Debug|Any CPU
		{35E36861-D3F3-43B1-B4FC-09A89F399213}.Debug|Any CPU.Build.0 = Debug|Any CPU
		{35E36861-D3F3-43B1-B4FC-09A89F399213}.Release|Any CPU.ActiveCfg = Release|Any CPU
		{35E36861-D3F3-43B1-B4FC-09A89F399213}.Release|Any CPU.Build.0 = Release|Any CPU
	EndGlobalSection
	GlobalSection(SolutionProperties) = preSolution
		HideSolutionNode = FALSE
	EndGlobalSection
	GlobalSection(ExtensibilityGlobals) = postSolution
		SolutionGuid = {996FCDD6-0F9C-40F4-8975-24FFFA7D1029}
	EndGlobalSection
EndGlobal
