
Microsoft Visual Studio Solution File, Format Version 12.00
# Visual Studio Version 17
VisualStudioVersion = 17.13.35931.197 d17.13
MinimumVisualStudioVersion = 10.0.40219.1
Project("{FAE04EC0-301F-11D3-BF4B-00C04F79EFBC}") = "VinheriaProductionManagement", "VinheriaProductionManagement\VinheriaProductionManagement.csproj", "{49F606A9-2836-4BDE-95FE-3EAAE0077A76}"
EndProject
Global
	GlobalSection(SolutionConfigurationPlatforms) = preSolution
		Debug|Any CPU = Debug|Any CPU
		Release|Any CPU = Release|Any CPU
	EndGlobalSection
	GlobalSection(ProjectConfigurationPlatforms) = postSolution
		{49F606A9-2836-4BDE-95FE-3EAAE0077A76}.Debug|Any CPU.ActiveCfg = Debug|Any CPU
		{49F606A9-2836-4BDE-95FE-3EAAE0077A76}.Debug|Any CPU.Build.0 = Debug|Any CPU
		{49F606A9-2836-4BDE-95FE-3EAAE0077A76}.Release|Any CPU.ActiveCfg = Release|Any CPU
		{49F606A9-2836-4BDE-95FE-3EAAE0077A76}.Release|Any CPU.Build.0 = Release|Any CPU
	EndGlobalSection
	GlobalSection(SolutionProperties) = preSolution
		HideSolutionNode = FALSE
	EndGlobalSection
	GlobalSection(ExtensibilityGlobals) = postSolution
		SolutionGuid = {E6A34B8D-7C2E-4151-9570-67BE599F683A}
	EndGlobalSection
EndGlobal
